
Microsoft Visual Studio Solution File, Format Version 12.00
# Visual Studio Version 17
VisualStudioVersion = 17.11.35222.181
MinimumVisualStudioVersion = 10.0.40219.1
Project("{FAE04EC0-301F-11D3-BF4B-00C04F79EFBC}") = "saper1", "saper1.csproj", "{EFA9C68E-64D4-457F-AEFF-7387A0B98DA3}"
EndProject
Project("{FAE04EC0-301F-11D3-BF4B-00C04F79EFBC}") = "sapper.Tests", "..\sapper.Tests\sapper.Tests.csproj", "{75ED6FA1-D840-4B25-88B9-A905C5E32F71}"
EndProject
Global
	GlobalSection(SolutionConfigurationPlatforms) = preSolution
		Debug|Any CPU = Debug|Any CPU
		Release|Any CPU = Release|Any CPU
	EndGlobalSection
	GlobalSection(ProjectConfigurationPlatforms) = postSolution
		{EFA9C68E-64D4-457F-AEFF-7387A0B98DA3}.Debug|Any CPU.ActiveCfg = Debug|Any CPU
		{EFA9C68E-64D4-457F-AEFF-7387A0B98DA3}.Debug|Any CPU.Build.0 = Debug|Any CPU
		{EFA9C68E-64D4-457F-AEFF-7387A0B98DA3}.Release|Any CPU.ActiveCfg = Release|Any CPU
		{EFA9C68E-64D4-457F-AEFF-7387A0B98DA3}.Release|Any CPU.Build.0 = Release|Any CPU
		{75ED6FA1-D840-4B25-88B9-A905C5E32F71}.Debug|Any CPU.ActiveCfg = Debug|Any CPU
		{75ED6FA1-D840-4B25-88B9-A905C5E32F71}.Debug|Any CPU.Build.0 = Debug|Any CPU
		{75ED6FA1-D840-4B25-88B9-A905C5E32F71}.Release|Any CPU.ActiveCfg = Release|Any CPU
		{75ED6FA1-D840-4B25-88B9-A905C5E32F71}.Release|Any CPU.Build.0 = Release|Any CPU
	EndGlobalSection
	GlobalSection(SolutionProperties) = preSolution
		HideSolutionNode = FALSE
	EndGlobalSection
	GlobalSection(ExtensibilityGlobals) = postSolution
		SolutionGuid = {1C31B7C0-BE8B-458D-B937-A3A98C7FB818}
	EndGlobalSection
EndGlobal
